
Microsoft Visual Studio Solution File, Format Version 12.00
# Visual Studio Version 16
VisualStudioVersion = 16.0.31005.135
MinimumVisualStudioVersion = 10.0.40219.1
Project("{9A19103F-16F7-4668-BE54-9A1E7A4F7556}") = "Bowling.GUI", "BowlingGUI\Bowling.GUI.csproj", "{DC9B92D3-7493-4DD5-90BC-A5D25809ACC8}"
EndProject
Project("{9A19103F-16F7-4668-BE54-9A1E7A4F7556}") = "Puntentelling", "Puntentelling\Puntentelling.csproj", "{0F203B40-49AC-42A1-9A0F-879FDD8E64ED}"
EndProject
Project("{9A19103F-16F7-4668-BE54-9A1E7A4F7556}") = "Domain", "Domain\Domain.csproj", "{3FF5F32A-30EA-4A67-AA77-14336B8556E5}"
EndProject
Project("{FAE04EC0-301F-11D3-BF4B-00C04F79EFBC}") = "Bowling.UnitTest", "Bowling.UnitTest\Bowling.UnitTest.csproj", "{33E320C1-2044-4A8E-B86B-D697AEBB4F10}"
EndProject
Global
	GlobalSection(SolutionConfigurationPlatforms) = preSolution
		Debug|Any CPU = Debug|Any CPU
		Release|Any CPU = Release|Any CPU
	EndGlobalSection
	GlobalSection(ProjectConfigurationPlatforms) = postSolution
		{DC9B92D3-7493-4DD5-90BC-A5D25809ACC8}.Debug|Any CPU.ActiveCfg = Debug|Any CPU
		{DC9B92D3-7493-4DD5-90BC-A5D25809ACC8}.Debug|Any CPU.Build.0 = Debug|Any CPU
		{DC9B92D3-7493-4DD5-90BC-A5D25809ACC8}.Release|Any CPU.ActiveCfg = Release|Any CPU
		{DC9B92D3-7493-4DD5-90BC-A5D25809ACC8}.Release|Any CPU.Build.0 = Release|Any CPU
		{0F203B40-49AC-42A1-9A0F-879FDD8E64ED}.Debug|Any CPU.ActiveCfg = Debug|Any CPU
		{0F203B40-49AC-42A1-9A0F-879FDD8E64ED}.Debug|Any CPU.Build.0 = Debug|Any CPU
		{0F203B40-49AC-42A1-9A0F-879FDD8E64ED}.Release|Any CPU.ActiveCfg = Release|Any CPU
		{0F203B40-49AC-42A1-9A0F-879FDD8E64ED}.Release|Any CPU.Build.0 = Release|Any CPU
		{3FF5F32A-30EA-4A67-AA77-14336B8556E5}.Debug|Any CPU.ActiveCfg = Debug|Any CPU
		{3FF5F32A-30EA-4A67-AA77-14336B8556E5}.Debug|Any CPU.Build.0 = Debug|Any CPU
		{3FF5F32A-30EA-4A67-AA77-14336B8556E5}.Release|Any CPU.ActiveCfg = Release|Any CPU
		{3FF5F32A-30EA-4A67-AA77-14336B8556E5}.Release|Any CPU.Build.0 = Release|Any CPU
		{33E320C1-2044-4A8E-B86B-D697AEBB4F10}.Debug|Any CPU.ActiveCfg = Debug|Any CPU
		{33E320C1-2044-4A8E-B86B-D697AEBB4F10}.Debug|Any CPU.Build.0 = Debug|Any CPU
		{33E320C1-2044-4A8E-B86B-D697AEBB4F10}.Release|Any CPU.ActiveCfg = Release|Any CPU
		{33E320C1-2044-4A8E-B86B-D697AEBB4F10}.Release|Any CPU.Build.0 = Release|Any CPU
	EndGlobalSection
	GlobalSection(SolutionProperties) = preSolution
		HideSolutionNode = FALSE
	EndGlobalSection
	GlobalSection(ExtensibilityGlobals) = postSolution
		SolutionGuid = {CF790996-1E59-4AAD-A78E-0DD8F8BDF591}
	EndGlobalSection
EndGlobal
